{
  "name": "web",
  "version": "1.0.0",
  "lockfileVersion": 2,
  "requires": true,
  "packages": {
    "": {
      "name": "web",
      "version": "1.0.0",
      "license": "ISC",
      "dependencies": {
        "@pixiv/three-vrm": "^1.0.0-beta.14",
        "three": "^0.137.5"
      }
    },
    "node_modules/@pixiv/three-vrm": {
      "version": "1.0.0-beta.14",
      "resolved": "https://registry.npmjs.org/@pixiv/three-vrm/-/three-vrm-1.0.0-beta.14.tgz",
      "integrity": "sha512-wcyUgEIqhxaVq9OqGZd6AQEMF4HfgJjQzNgS9dXf2BgO24iq5tp4uDAouaO9WG7wGlwgbOoQQGzIMgPxcX2X0w==",
      "dependencies": {
        "@pixiv/three-vrm-core": "1.0.0-beta.14",
        "@pixiv/three-vrm-materials-hdr-emissive-multiplier": "1.0.0-beta.14",
        "@pixiv/three-vrm-materials-mtoon": "1.0.0-beta.14",
        "@pixiv/three-vrm-materials-v0compat": "1.0.0-beta.14",
        "@pixiv/three-vrm-node-constraint": "1.0.0-beta.14",
        "@pixiv/three-vrm-springbone": "1.0.0-beta.14"
      },
      "peerDependencies": {
        "@types/three": "^0.137.0",
        "three": "^0.137.4"
      }
    },
    "node_modules/@pixiv/three-vrm-core": {
      "version": "1.0.0-beta.14",
      "resolved": "https://registry.npmjs.org/@pixiv/three-vrm-core/-/three-vrm-core-1.0.0-beta.14.tgz",
      "integrity": "sha512-E6pHs6t+lOPwzRn/460N2dz3KhKT1aQAwH+HDGPxzkNBZ3lahk21QFtJxeWpGKASdOS/3+bj8YiY+tmbz4Nxpw==",
      "dependencies": {
        "@pixiv/types-vrm-0.0": "1.0.0-beta.14",
        "@pixiv/types-vrmc-vrm-1.0": "1.0.0-beta.14"
      },
      "peerDependencies": {
        "@types/three": "^0.137.0",
        "three": "^0.137.4"
      }
    },
    "node_modules/@pixiv/three-vrm-materials-hdr-emissive-multiplier": {
      "version": "1.0.0-beta.14",
      "resolved": "https://registry.npmjs.org/@pixiv/three-vrm-materials-hdr-emissive-multiplier/-/three-vrm-materials-hdr-emissive-multiplier-1.0.0-beta.14.tgz",
      "integrity": "sha512-lywXmmRkPM3Qx8wGvwogCKLVHTV/YnvypI8+vVgl/mIq1di1IAZuzisPOT6TkXRllbM01vjZ0bKBKj8tVpFXtg==",
      "dependencies": {
        "@pixiv/types-vrmc-materials-hdr-emissive-multiplier-1.0": "1.0.0-beta.14"
      },
      "peerDependencies": {
        "@types/three": "^0.137.0",
        "three": "^0.137.4"
      }
    },
    "node_modules/@pixiv/three-vrm-materials-mtoon": {
      "version": "1.0.0-beta.14",
      "resolved": "https://registry.npmjs.org/@pixiv/three-vrm-materials-mtoon/-/three-vrm-materials-mtoon-1.0.0-beta.14.tgz",
      "integrity": "sha512-WTEL2euRSv7B1Lf+5Gy4r6kdODxd1+L1sEgWAwGlfcuhovzKPqgk79BC1Vp2s7Y2F304Z47zmldCc6cJ/GX93Q==",
      "dependencies": {
        "@pixiv/types-vrm-0.0": "1.0.0-beta.14",
        "@pixiv/types-vrmc-materials-mtoon-1.0": "1.0.0-beta.14"
      },
      "peerDependencies": {
        "@types/three": "^0.137.0",
        "three": "^0.137.4"
      }
    },
    "node_modules/@pixiv/three-vrm-materials-v0compat": {
      "version": "1.0.0-beta.14",
      "resolved": "https://registry.npmjs.org/@pixiv/three-vrm-materials-v0compat/-/three-vrm-materials-v0compat-1.0.0-beta.14.tgz",
      "integrity": "sha512-wr7oW/oGe/LFarReIvvxMiwDqt1FEVIimUK1tBzk+T5Dp/zILNzoCtHSEFyoNjgUfDYqBXAWr4jvIMCVZyT0ug==",
      "dependencies": {
        "@pixiv/types-vrm-0.0": "1.0.0-beta.14",
        "@pixiv/types-vrmc-materials-mtoon-1.0": "1.0.0-beta.14"
      },
      "peerDependencies": {
        "@types/three": "^0.137.0",
        "three": "^0.137.4"
      }
    },
    "node_modules/@pixiv/three-vrm-node-constraint": {
      "version": "1.0.0-beta.14",
      "resolved": "https://registry.npmjs.org/@pixiv/three-vrm-node-constraint/-/three-vrm-node-constraint-1.0.0-beta.14.tgz",
      "integrity": "sha512-o52C4TktwJtRhfHeRWm2+1z4Aq4gdkQADsgQ8Kz71KBfqoeKJxHE0pfO8VPYYFhF4zw45U138ao6sLEqcS9Q0w==",
      "dependencies": {
        "@pixiv/types-vrmc-node-constraint-1.0": "1.0.0-beta.14"
      },
      "peerDependencies": {
        "@types/three": "^0.137.0",
        "three": "^0.137.4"
      }
    },
    "node_modules/@pixiv/three-vrm-springbone": {
      "version": "1.0.0-beta.14",
      "resolved": "https://registry.npmjs.org/@pixiv/three-vrm-springbone/-/three-vrm-springbone-1.0.0-beta.14.tgz",
      "integrity": "sha512-CcXQCVPUc6MEGqV864/SNB4owdDe+60QfNYosDZU/6tKaXGHKOvI0dDt5nYnxcesZQQxIJ7QSJGX3LE2hWb2Zw==",
      "dependencies": {
        "@pixiv/types-vrm-0.0": "1.0.0-beta.14",
        "@pixiv/types-vrmc-springbone-1.0": "1.0.0-beta.14"
      },
      "peerDependencies": {
        "three": "^0.137.4"
      }
    },
    "node_modules/@pixiv/types-vrm-0.0": {
      "version": "1.0.0-beta.14",
      "resolved": "https://registry.npmjs.org/@pixiv/types-vrm-0.0/-/types-vrm-0.0-1.0.0-beta.14.tgz",
      "integrity": "sha512-fES4PqB9QN4haCFe3hxIkjktTs1s8WwtahQkegYcu3KJe9+xDJP/hh98XhB2qDhwB96djyu42gWnIb23FoK4QQ=="
    },
    "node_modules/@pixiv/types-vrmc-materials-hdr-emissive-multiplier-1.0": {
      "version": "1.0.0-beta.14",
      "resolved": "https://registry.npmjs.org/@pixiv/types-vrmc-materials-hdr-emissive-multiplier-1.0/-/types-vrmc-materials-hdr-emissive-multiplier-1.0-1.0.0-beta.14.tgz",
      "integrity": "sha512-Ake6x3OkOP5n0WN/gSyBhVDZVXXDzwQwUfgIWpD7cNjl1gOEBdIp5tKgIuPbcpIaboI6KWflmCKdLboHwsW3Ag=="
    },
    "node_modules/@pixiv/types-vrmc-materials-mtoon-1.0": {
      "version": "1.0.0-beta.14",
      "resolved": "https://registry.npmjs.org/@pixiv/types-vrmc-materials-mtoon-1.0/-/types-vrmc-materials-mtoon-1.0-1.0.0-beta.14.tgz",
      "integrity": "sha512-Z5Int/lMNeLA/dFvu79aEleN7B1q9ZAP+Ns0XDJmf3GG5XkNTef088y7fG6JtGsbg8K4mm31Rdn2O27bKK69NA=="
    },
    "node_modules/@pixiv/types-vrmc-node-constraint-1.0": {
      "version": "1.0.0-beta.14",
      "resolved": "https://registry.npmjs.org/@pixiv/types-vrmc-node-constraint-1.0/-/types-vrmc-node-constraint-1.0-1.0.0-beta.14.tgz",
      "integrity": "sha512-jlD1Dq2bAqe258dy5xJEO4zxjmElTgbv0O4ojkdr4t3tNAvbnxeaoSwKbQEfwtMSR/++0NL9XLQTDo/pEl6r5w=="
    },
    "node_modules/@pixiv/types-vrmc-springbone-1.0": {
      "version": "1.0.0-beta.14",
      "resolved": "https://registry.npmjs.org/@pixiv/types-vrmc-springbone-1.0/-/types-vrmc-springbone-1.0-1.0.0-beta.14.tgz",
      "integrity": "sha512-Eo6O4XkFq1AGXBB93/S/q1RK5TofL16EHyygI39OxoKxcahrERbTFKOma84z24BdXQlNSzmZ5A8xTfLrkBvooA=="
    },
    "node_modules/@pixiv/types-vrmc-vrm-1.0": {
      "version": "1.0.0-beta.14",
      "resolved": "https://registry.npmjs.org/@pixiv/types-vrmc-vrm-1.0/-/types-vrmc-vrm-1.0-1.0.0-beta.14.tgz",
      "integrity": "sha512-BcYMbuNmayKIw9g10WkMh4CtmGlrj+G8g0tmcTaU9OEI+prNpbFERd17YcCBjHRsNRF0qtOAqrSEE6WbYSuloQ=="
    },
    "node_modules/@types/three": {
      "version": "0.137.0",
      "resolved": "https://registry.npmjs.org/@types/three/-/three-0.137.0.tgz",
      "integrity": "sha512-Xc5EAlfYmgrCLI/VlSVqiRJAtzhWF0Rw2jSq48nqJy+Hcb5sfDOXyfZn1+RNcHyi9l8CeCAXCZygO8IyeOJVEA==",
      "peer": true
    },
    "node_modules/three": {
      "version": "0.137.5",
      "resolved": "https://registry.npmjs.org/three/-/three-0.137.5.tgz",
      "integrity": "sha512-rTyr+HDFxjnN8+N/guZjDgfVxgHptZQpf6xfL/Mo7a5JYIFwK6tAq3bzxYYB4Ae0RosDZlDuP+X5aXDXz+XnHQ=="
    }
  },
  "dependencies": {
    "@pixiv/three-vrm": {
      "version": "1.0.0-beta.14",
      "resolved": "https://registry.npmjs.org/@pixiv/three-vrm/-/three-vrm-1.0.0-beta.14.tgz",
      "integrity": "sha512-wcyUgEIqhxaVq9OqGZd6AQEMF4HfgJjQzNgS9dXf2BgO24iq5tp4uDAouaO9WG7wGlwgbOoQQGzIMgPxcX2X0w==",
      "requires": {
        "@pixiv/three-vrm-core": "1.0.0-beta.14",
        "@pixiv/three-vrm-materials-hdr-emissive-multiplier": "1.0.0-beta.14",
        "@pixiv/three-vrm-materials-mtoon": "1.0.0-beta.14",
        "@pixiv/three-vrm-materials-v0compat": "1.0.0-beta.14",
        "@pixiv/three-vrm-node-constraint": "1.0.0-beta.14",
        "@pixiv/three-vrm-springbone": "1.0.0-beta.14"
      }
    },
    "@pixiv/three-vrm-core": {
      "version": "1.0.0-beta.14",
      "resolved": "https://registry.npmjs.org/@pixiv/three-vrm-core/-/three-vrm-core-1.0.0-beta.14.tgz",
      "integrity": "sha512-E6pHs6t+lOPwzRn/460N2dz3KhKT1aQAwH+HDGPxzkNBZ3lahk21QFtJxeWpGKASdOS/3+bj8YiY+tmbz4Nxpw==",
      "requires": {
        "@pixiv/types-vrm-0.0": "1.0.0-beta.14",
        "@pixiv/types-vrmc-vrm-1.0": "1.0.0-beta.14"
      }
    },
    "@pixiv/three-vrm-materials-hdr-emissive-multiplier": {
      "version": "1.0.0-beta.14",
      "resolved": "https://registry.npmjs.org/@pixiv/three-vrm-materials-hdr-emissive-multiplier/-/three-vrm-materials-hdr-emissive-multiplier-1.0.0-beta.14.tgz",
      "integrity": "sha512-lywXmmRkPM3Qx8wGvwogCKLVHTV/YnvypI8+vVgl/mIq1di1IAZuzisPOT6TkXRllbM01vjZ0bKBKj8tVpFXtg==",
      "requires": {
        "@pixiv/types-vrmc-materials-hdr-emissive-multiplier-1.0": "1.0.0-beta.14"
      }
    },
    "@pixiv/three-vrm-materials-mtoon": {
      "version": "1.0.0-beta.14",
      "resolved": "https://registry.npmjs.org/@pixiv/three-vrm-materials-mtoon/-/three-vrm-materials-mtoon-1.0.0-beta.14.tgz",
      "integrity": "sha512-WTEL2euRSv7B1Lf+5Gy4r6kdODxd1+L1sEgWAwGlfcuhovzKPqgk79BC1Vp2s7Y2F304Z47zmldCc6cJ/GX93Q==",
      "requires": {
        "@pixiv/types-vrm-0.0": "1.0.0-beta.14",
        "@pixiv/types-vrmc-materials-mtoon-1.0": "1.0.0-beta.14"
      }
    },
    "@pixiv/three-vrm-materials-v0compat": {
      "version": "1.0.0-beta.14",
      "resolved": "https://registry.npmjs.org/@pixiv/three-vrm-materials-v0compat/-/three-vrm-materials-v0compat-1.0.0-beta.14.tgz",
      "integrity": "sha512-wr7oW/oGe/LFarReIvvxMiwDqt1FEVIimUK1tBzk+T5Dp/zILNzoCtHSEFyoNjgUfDYqBXAWr4jvIMCVZyT0ug==",
      "requires": {
        "@pixiv/types-vrm-0.0": "1.0.0-beta.14",
        "@pixiv/types-vrmc-materials-mtoon-1.0": "1.0.0-beta.14"
      }
    },
    "@pixiv/three-vrm-node-constraint": {
      "version": "1.0.0-beta.14",
      "resolved": "https://registry.npmjs.org/@pixiv/three-vrm-node-constraint/-/three-vrm-node-constraint-1.0.0-beta.14.tgz",
      "integrity": "sha512-o52C4TktwJtRhfHeRWm2+1z4Aq4gdkQADsgQ8Kz71KBfqoeKJxHE0pfO8VPYYFhF4zw45U138ao6sLEqcS9Q0w==",
      "requires": {
        "@pixiv/types-vrmc-node-constraint-1.0": "1.0.0-beta.14"
      }
    },
    "@pixiv/three-vrm-springbone": {
      "version": "1.0.0-beta.14",
      "resolved": "https://registry.npmjs.org/@pixiv/three-vrm-springbone/-/three-vrm-springbone-1.0.0-beta.14.tgz",
      "integrity": "sha512-CcXQCVPUc6MEGqV864/SNB4owdDe+60QfNYosDZU/6tKaXGHKOvI0dDt5nYnxcesZQQxIJ7QSJGX3LE2hWb2Zw==",
      "requires": {
        "@pixiv/types-vrm-0.0": "1.0.0-beta.14",
        "@pixiv/types-vrmc-springbone-1.0": "1.0.0-beta.14"
      }
    },
    "@pixiv/types-vrm-0.0": {
      "version": "1.0.0-beta.14",
      "resolved": "https://registry.npmjs.org/@pixiv/types-vrm-0.0/-/types-vrm-0.0-1.0.0-beta.14.tgz",
      "integrity": "sha512-fES4PqB9QN4haCFe3hxIkjktTs1s8WwtahQkegYcu3KJe9+xDJP/hh98XhB2qDhwB96djyu42gWnIb23FoK4QQ=="
    },
    "@pixiv/types-vrmc-materials-hdr-emissive-multiplier-1.0": {
      "version": "1.0.0-beta.14",
      "resolved": "https://registry.npmjs.org/@pixiv/types-vrmc-materials-hdr-emissive-multiplier-1.0/-/types-vrmc-materials-hdr-emissive-multiplier-1.0-1.0.0-beta.14.tgz",
      "integrity": "sha512-Ake6x3OkOP5n0WN/gSyBhVDZVXXDzwQwUfgIWpD7cNjl1gOEBdIp5tKgIuPbcpIaboI6KWflmCKdLboHwsW3Ag=="
    },
    "@pixiv/types-vrmc-materials-mtoon-1.0": {
      "version": "1.0.0-beta.14",
      "resolved": "https://registry.npmjs.org/@pixiv/types-vrmc-materials-mtoon-1.0/-/types-vrmc-materials-mtoon-1.0-1.0.0-beta.14.tgz",
      "integrity": "sha512-Z5Int/lMNeLA/dFvu79aEleN7B1q9ZAP+Ns0XDJmf3GG5XkNTef088y7fG6JtGsbg8K4mm31Rdn2O27bKK69NA=="
    },
    "@pixiv/types-vrmc-node-constraint-1.0": {
      "version": "1.0.0-beta.14",
      "resolved": "https://registry.npmjs.org/@pixiv/types-vrmc-node-constraint-1.0/-/types-vrmc-node-constraint-1.0-1.0.0-beta.14.tgz",
      "integrity": "sha512-jlD1Dq2bAqe258dy5xJEO4zxjmElTgbv0O4ojkdr4t3tNAvbnxeaoSwKbQEfwtMSR/++0NL9XLQTDo/pEl6r5w=="
    },
    "@pixiv/types-vrmc-springbone-1.0": {
      "version": "1.0.0-beta.14",
      "resolved": "https://registry.npmjs.org/@pixiv/types-vrmc-springbone-1.0/-/types-vrmc-springbone-1.0-1.0.0-beta.14.tgz",
      "integrity": "sha512-Eo6O4XkFq1AGXBB93/S/q1RK5TofL16EHyygI39OxoKxcahrERbTFKOma84z24BdXQlNSzmZ5A8xTfLrkBvooA=="
    },
    "@pixiv/types-vrmc-vrm-1.0": {
      "version": "1.0.0-beta.14",
      "resolved": "https://registry.npmjs.org/@pixiv/types-vrmc-vrm-1.0/-/types-vrmc-vrm-1.0-1.0.0-beta.14.tgz",
      "integrity": "sha512-BcYMbuNmayKIw9g10WkMh4CtmGlrj+G8g0tmcTaU9OEI+prNpbFERd17YcCBjHRsNRF0qtOAqrSEE6WbYSuloQ=="
    },
    "@types/three": {
      "version": "0.137.0",
      "resolved": "https://registry.npmjs.org/@types/three/-/three-0.137.0.tgz",
      "integrity": "sha512-Xc5EAlfYmgrCLI/VlSVqiRJAtzhWF0Rw2jSq48nqJy+Hcb5sfDOXyfZn1+RNcHyi9l8CeCAXCZygO8IyeOJVEA==",
      "peer": true
    },
    "three": {
      "version": "0.137.5",
      "resolved": "https://registry.npmjs.org/three/-/three-0.137.5.tgz",
      "integrity": "sha512-rTyr+HDFxjnN8+N/guZjDgfVxgHptZQpf6xfL/Mo7a5JYIFwK6tAq3bzxYYB4Ae0RosDZlDuP+X5aXDXz+XnHQ=="
    }
  }
}
